// !$*UTF8*$!
{
	archiveVersion = 1;
	classes = {
	};
	objectVersion = 46;
	objects = {

/* Begin PBXBuildFile section */
		3FEF78C8AADBD0C287F43D9C /* Pods_PokeDex.framework in Frameworks */ = {isa = PBXBuildFile; fileRef = 5588A4039FFB72504F63DA8A /* Pods_PokeDex.framework */; };
		4948E35D1CAC9D1600F1B8BD /* AppDelegate.swift in Sources */ = {isa = PBXBuildFile; fileRef = 4948E35C1CAC9D1600F1B8BD /* AppDelegate.swift */; };
		4948E35F1CAC9D1600F1B8BD /* ViewController.swift in Sources */ = {isa = PBXBuildFile; fileRef = 4948E35E1CAC9D1600F1B8BD /* ViewController.swift */; };
		4948E3621CAC9D1600F1B8BD /* Main.storyboard in Resources */ = {isa = PBXBuildFile; fileRef = 4948E3601CAC9D1600F1B8BD /* Main.storyboard */; };
		4948E3641CAC9D1600F1B8BD /* Assets.xcassets in Resources */ = {isa = PBXBuildFile; fileRef = 4948E3631CAC9D1600F1B8BD /* Assets.xcassets */; };
		4948E3671CAC9D1600F1B8BD /* LaunchScreen.storyboard in Resources */ = {isa = PBXBuildFile; fileRef = 4948E3651CAC9D1600F1B8BD /* LaunchScreen.storyboard */; };
		4948E3711CAC9F7800F1B8BD /* pokemon.csv in Resources */ = {isa = PBXBuildFile; fileRef = 4948E3701CAC9F7800F1B8BD /* pokemon.csv */; };
		4948E3741CACA32100F1B8BD /* Pokemon.swift in Sources */ = {isa = PBXBuildFile; fileRef = 4948E3731CACA32100F1B8BD /* Pokemon.swift */; };
		4948E3771CACBA5F00F1B8BD /* PokeCell.swift in Sources */ = {isa = PBXBuildFile; fileRef = 4948E3761CACBA5F00F1B8BD /* PokeCell.swift */; };
		4948E3791CACCEEA00F1B8BD /* CSV.swift in Sources */ = {isa = PBXBuildFile; fileRef = 4948E3781CACCEEA00F1B8BD /* CSV.swift */; };
		4948E37F1CAD626700F1B8BD /* PokemonDetailVC.swift in Sources */ = {isa = PBXBuildFile; fileRef = 4948E37E1CAD626700F1B8BD /* PokemonDetailVC.swift */; };
		49F9CB791CADB17A008CC2C7 /* Constants.swift in Sources */ = {isa = PBXBuildFile; fileRef = 49F9CB781CADB17A008CC2C7 /* Constants.swift */; };
/* End PBXBuildFile section */

/* Begin PBXFileReference section */
		4948E3591CAC9D1600F1B8BD /* PokeDex.app */ = {isa = PBXFileReference; explicitFileType = wrapper.application; includeInIndex = 0; path = PokeDex.app; sourceTree = BUILT_PRODUCTS_DIR; };
		4948E35C1CAC9D1600F1B8BD /* AppDelegate.swift */ = {isa = PBXFileReference; lastKnownFileType = sourcecode.swift; path = AppDelegate.swift; sourceTree = "<group>"; };
		4948E35E1CAC9D1600F1B8BD /* ViewController.swift */ = {isa = PBXFileReference; lastKnownFileType = sourcecode.swift; path = ViewController.swift; sourceTree = "<group>"; };
		4948E3611CAC9D1600F1B8BD /* Base */ = {isa = PBXFileReference; lastKnownFileType = file.storyboard; name = Base; path = Base.lproj/Main.storyboard; sourceTree = "<group>"; };
		4948E3631CAC9D1600F1B8BD /* Assets.xcassets */ = {isa = PBXFileReference; lastKnownFileType = folder.assetcatalog; path = Assets.xcassets; sourceTree = "<group>"; };
		4948E3661CAC9D1600F1B8BD /* Base */ = {isa = PBXFileReference; lastKnownFileType = file.storyboard; name = Base; path = Base.lproj/LaunchScreen.storyboard; sourceTree = "<group>"; };
		4948E3681CAC9D1600F1B8BD /* Info.plist */ = {isa = PBXFileReference; lastKnownFileType = text.plist.xml; path = Info.plist; sourceTree = "<group>"; };
		4948E3701CAC9F7800F1B8BD /* pokemon.csv */ = {isa = PBXFileReference; fileEncoding = 4; lastKnownFileType = text; path = pokemon.csv; sourceTree = "<group>"; };
		4948E3731CACA32100F1B8BD /* Pokemon.swift */ = {isa = PBXFileReference; fileEncoding = 4; lastKnownFileType = sourcecode.swift; path = Pokemon.swift; sourceTree = "<group>"; };
		4948E3761CACBA5F00F1B8BD /* PokeCell.swift */ = {isa = PBXFileReference; fileEncoding = 4; lastKnownFileType = sourcecode.swift; path = PokeCell.swift; sourceTree = "<group>"; };
		4948E3781CACCEEA00F1B8BD /* CSV.swift */ = {isa = PBXFileReference; fileEncoding = 4; lastKnownFileType = sourcecode.swift; path = CSV.swift; sourceTree = "<group>"; };
		4948E37E1CAD626700F1B8BD /* PokemonDetailVC.swift */ = {isa = PBXFileReference; fileEncoding = 4; lastKnownFileType = sourcecode.swift; path = PokemonDetailVC.swift; sourceTree = "<group>"; };
		49F9CB781CADB17A008CC2C7 /* Constants.swift */ = {isa = PBXFileReference; fileEncoding = 4; lastKnownFileType = sourcecode.swift; path = Constants.swift; sourceTree = "<group>"; };
		5588A4039FFB72504F63DA8A /* Pods_PokeDex.framework */ = {isa = PBXFileReference; explicitFileType = wrapper.framework; includeInIndex = 0; path = Pods_PokeDex.framework; sourceTree = BUILT_PRODUCTS_DIR; };
		6589254138F3227AE03FACDD /* Pods-PokeDex.release.xcconfig */ = {isa = PBXFileReference; includeInIndex = 1; lastKnownFileType = text.xcconfig; name = "Pods-PokeDex.release.xcconfig"; path = "Pods/Target Support Files/Pods-PokeDex/Pods-PokeDex.release.xcconfig"; sourceTree = "<group>"; };
		F16FC8D8D8B3AA41BA23B861 /* Pods-PokeDex.debug.xcconfig */ = {isa = PBXFileReference; includeInIndex = 1; lastKnownFileType = text.xcconfig; name = "Pods-PokeDex.debug.xcconfig"; path = "Pods/Target Support Files/Pods-PokeDex/Pods-PokeDex.debug.xcconfig"; sourceTree = "<group>"; };
/* End PBXFileReference section */

/* Begin PBXFrameworksBuildPhase section */
		4948E3561CAC9D1600F1B8BD /* Frameworks */ = {
			isa = PBXFrameworksBuildPhase;
			buildActionMask = 2147483647;
			files = (
				3FEF78C8AADBD0C287F43D9C /* Pods_PokeDex.framework in Frameworks */,
			);
			runOnlyForDeploymentPostprocessing = 0;
		};
/* End PBXFrameworksBuildPhase section */

/* Begin PBXGroup section */
		36AF31F526D00234F0111240 /* Frameworks */ = {
			isa = PBXGroup;
			children = (
				5588A4039FFB72504F63DA8A /* Pods_PokeDex.framework */,
			);
			name = Frameworks;
			sourceTree = "<group>";
		};
		4948E3501CAC9D1600F1B8BD = {
			isa = PBXGroup;
			children = (
				4948E35B1CAC9D1600F1B8BD /* PokeDex */,
				4948E35A1CAC9D1600F1B8BD /* Products */,
				4AAAB55944ADD428DCC31487 /* Pods */,
				36AF31F526D00234F0111240 /* Frameworks */,
			);
			sourceTree = "<group>";
		};
		4948E35A1CAC9D1600F1B8BD /* Products */ = {
			isa = PBXGroup;
			children = (
				4948E3591CAC9D1600F1B8BD /* PokeDex.app */,
			);
			name = Products;
			sourceTree = "<group>";
		};
		4948E35B1CAC9D1600F1B8BD /* PokeDex */ = {
			isa = PBXGroup;
			children = (
				4948E37B1CACD15C00F1B8BD /* controller */,
				4948E37A1CACD14A00F1B8BD /* util */,
				4948E3751CACBA3200F1B8BD /* views */,
				4948E3721CACA30A00F1B8BD /* models */,
				4948E35C1CAC9D1600F1B8BD /* AppDelegate.swift */,
				4948E3701CAC9F7800F1B8BD /* pokemon.csv */,
				4948E3601CAC9D1600F1B8BD /* Main.storyboard */,
				4948E3631CAC9D1600F1B8BD /* Assets.xcassets */,
				4948E3651CAC9D1600F1B8BD /* LaunchScreen.storyboard */,
				4948E3681CAC9D1600F1B8BD /* Info.plist */,
			);
			path = PokeDex;
			sourceTree = "<group>";
		};
		4948E3721CACA30A00F1B8BD /* models */ = {
			isa = PBXGroup;
			children = (
				4948E3731CACA32100F1B8BD /* Pokemon.swift */,
			);
			name = models;
			sourceTree = "<group>";
		};
		4948E3751CACBA3200F1B8BD /* views */ = {
			isa = PBXGroup;
			children = (
				4948E3761CACBA5F00F1B8BD /* PokeCell.swift */,
			);
			name = views;
			sourceTree = "<group>";
		};
		4948E37A1CACD14A00F1B8BD /* util */ = {
			isa = PBXGroup;
			children = (
				4948E3781CACCEEA00F1B8BD /* CSV.swift */,
				49F9CB781CADB17A008CC2C7 /* Constants.swift */,
			);
			name = util;
			sourceTree = "<group>";
		};
		4948E37B1CACD15C00F1B8BD /* controller */ = {
			isa = PBXGroup;
			children = (
				4948E35E1CAC9D1600F1B8BD /* ViewController.swift */,
				4948E37E1CAD626700F1B8BD /* PokemonDetailVC.swift */,
			);
			name = controller;
			sourceTree = "<group>";
		};
		4AAAB55944ADD428DCC31487 /* Pods */ = {
			isa = PBXGroup;
			children = (
				F16FC8D8D8B3AA41BA23B861 /* Pods-PokeDex.debug.xcconfig */,
				6589254138F3227AE03FACDD /* Pods-PokeDex.release.xcconfig */,
			);
			name = Pods;
			sourceTree = "<group>";
		};
/* End PBXGroup section */

/* Begin PBXNativeTarget section */
		4948E3581CAC9D1600F1B8BD /* PokeDex */ = {
			isa = PBXNativeTarget;
			buildConfigurationList = 4948E36B1CAC9D1600F1B8BD /* Build configuration list for PBXNativeTarget "PokeDex" */;
			buildPhases = (
				EA7B178250D547123EEE7F3B /* Check Pods Manifest.lock */,
				4948E3551CAC9D1600F1B8BD /* Sources */,
				4948E3561CAC9D1600F1B8BD /* Frameworks */,
				4948E3571CAC9D1600F1B8BD /* Resources */,
				E3E2042E26BE3725F500A6BD /* Embed Pods Frameworks */,
				4905D0C01C882E13FE85FBCB /* Copy Pods Resources */,
			);
			buildRules = (
			);
			dependencies = (
			);
			name = PokeDex;
			productName = PokeDex;
			productReference = 4948E3591CAC9D1600F1B8BD /* PokeDex.app */;
			productType = "com.apple.product-type.application";
		};
/* End PBXNativeTarget section */

/* Begin PBXProject section */
		4948E3511CAC9D1600F1B8BD /* Project object */ = {
			isa = PBXProject;
			attributes = {
				LastSwiftUpdateCheck = 0730;
				LastUpgradeCheck = 0730;
				ORGANIZATIONNAME = "Karthik Senthil";
				TargetAttributes = {
					4948E3581CAC9D1600F1B8BD = {
						CreatedOnToolsVersion = 7.3;
					};
				};
			};
			buildConfigurationList = 4948E3541CAC9D1600F1B8BD /* Build configuration list for PBXProject "PokeDex" */;
			compatibilityVersion = "Xcode 3.2";
			developmentRegion = English;
			hasScannedForEncodings = 0;
			knownRegions = (
				en,
				Base,
			);
			mainGroup = 4948E3501CAC9D1600F1B8BD;
			productRefGroup = 4948E35A1CAC9D1600F1B8BD /* Products */;
			projectDirPath = "";
			projectRoot = "";
			targets = (
				4948E3581CAC9D1600F1B8BD /* PokeDex */,
			);
		};
/* End PBXProject section */

/* Begin PBXResourcesBuildPhase section */
		4948E3571CAC9D1600F1B8BD /* Resources */ = {
			isa = PBXResourcesBuildPhase;
			buildActionMask = 2147483647;
			files = (
				4948E3671CAC9D1600F1B8BD /* LaunchScreen.storyboard in Resources */,
				4948E3641CAC9D1600F1B8BD /* Assets.xcassets in Resources */,
				4948E3711CAC9F7800F1B8BD /* pokemon.csv in Resources */,
				4948E3621CAC9D1600F1B8BD /* Main.storyboard in Resources */,
			);
			runOnlyForDeploymentPostprocessing = 0;
		};
/* End PBXResourcesBuildPhase section */

/* Begin PBXShellScriptBuildPhase section */
		4905D0C01C882E13FE85FBCB /* Copy Pods Resources */ = {
			isa = PBXShellScriptBuildPhase;
			buildActionMask = 2147483647;
			files = (
			);
			inputPaths = (
			);
			name = "Copy Pods Resources";
			outputPaths = (
			);
			runOnlyForDeploymentPostprocessing = 0;
			shellPath = /bin/sh;
			shellScript = "\"${SRCROOT}/Pods/Target Support Files/Pods-PokeDex/Pods-PokeDex-resources.sh\"\n";
			showEnvVarsInLog = 0;
		};
		E3E2042E26BE3725F500A6BD /* Embed Pods Frameworks */ = {
			isa = PBXShellScriptBuildPhase;
			buildActionMask = 2147483647;
			files = (
			);
			inputPaths = (
			);
			name = "Embed Pods Frameworks";
			outputPaths = (
			);
			runOnlyForDeploymentPostprocessing = 0;
			shellPath = /bin/sh;
			shellScript = "\"${SRCROOT}/Pods/Target Support Files/Pods-PokeDex/Pods-PokeDex-frameworks.sh\"\n";
			showEnvVarsInLog = 0;
		};
		EA7B178250D547123EEE7F3B /* Check Pods Manifest.lock */ = {
			isa = PBXShellScriptBuildPhase;
			buildActionMask = 2147483647;
			files = (
			);
			inputPaths = (
			);
			name = "Check Pods Manifest.lock";
			outputPaths = (
			);
			runOnlyForDeploymentPostprocessing = 0;
			shellPath = /bin/sh;
			shellScript = "diff \"${PODS_ROOT}/../Podfile.lock\" \"${PODS_ROOT}/Manifest.lock\" > /dev/null\nif [[ $? != 0 ]] ; then\n    cat << EOM\nerror: The sandbox is not in sync with the Podfile.lock. Run 'pod install' or update your CocoaPods installation.\nEOM\n    exit 1\nfi\n";
			showEnvVarsInLog = 0;
		};
/* End PBXShellScriptBuildPhase section */

/* Begin PBXSourcesBuildPhase section */
		4948E3551CAC9D1600F1B8BD /* Sources */ = {
			isa = PBXSourcesBuildPhase;
			buildActionMask = 2147483647;
			files = (
				4948E3771CACBA5F00F1B8BD /* PokeCell.swift in Sources */,
				4948E35F1CAC9D1600F1B8BD /* ViewController.swift in Sources */,
				4948E3791CACCEEA00F1B8BD /* CSV.swift in Sources */,
				4948E37F1CAD626700F1B8BD /* PokemonDetailVC.swift in Sources */,
				49F9CB791CADB17A008CC2C7 /* Constants.swift in Sources */,
				4948E35D1CAC9D1600F1B8BD /* AppDelegate.swift in Sources */,
				4948E3741CACA32100F1B8BD /* Pokemon.swift in Sources */,
			);
			runOnlyForDeploymentPostprocessing = 0;
		};
/* End PBXSourcesBuildPhase section */

/* Begin PBXVariantGroup section */
		4948E3601CAC9D1600F1B8BD /* Main.storyboard */ = {
			isa = PBXVariantGroup;
			children = (
				4948E3611CAC9D1600F1B8BD /* Base */,
			);
			name = Main.storyboard;
			sourceTree = "<group>";
		};
		4948E3651CAC9D1600F1B8BD /* LaunchScreen.storyboard */ = {
			isa = PBXVariantGroup;
			children = (
				4948E3661CAC9D1600F1B8BD /* Base */,
			);
			name = LaunchScreen.storyboard;
			sourceTree = "<group>";
		};
/* End PBXVariantGroup section */

/* Begin XCBuildConfiguration section */
		4948E3691CAC9D1600F1B8BD /* Debug */ = {
			isa = XCBuildConfiguration;
			buildSettings = {
				ALWAYS_SEARCH_USER_PATHS = NO;
				CLANG_ANALYZER_NONNULL = YES;
				CLANG_CXX_LANGUAGE_STANDARD = "gnu++0x";
				CLANG_CXX_LIBRARY = "libc++";
				CLANG_ENABLE_MODULES = YES;
				CLANG_ENABLE_OBJC_ARC = YES;
				CLANG_WARN_BOOL_CONVERSION = YES;
				CLANG_WARN_CONSTANT_CONVERSION = YES;
				CLANG_WARN_DIRECT_OBJC_ISA_USAGE = YES_ERROR;
				CLANG_WARN_EMPTY_BODY = YES;
				CLANG_WARN_ENUM_CONVERSION = YES;
				CLANG_WARN_INT_CONVERSION = YES;
				CLANG_WARN_OBJC_ROOT_CLASS = YES_ERROR;
				CLANG_WARN_UNREACHABLE_CODE = YES;
				CLANG_WARN__DUPLICATE_METHOD_MATCH = YES;
				"CODE_SIGN_IDENTITY[sdk=iphoneos*]" = "iPhone Developer";
				COPY_PHASE_STRIP = NO;
				DEBUG_INFORMATION_FORMAT = dwarf;
				ENABLE_STRICT_OBJC_MSGSEND = YES;
				ENABLE_TESTABILITY = YES;
				GCC_C_LANGUAGE_STANDARD = gnu99;
				GCC_DYNAMIC_NO_PIC = NO;
				GCC_NO_COMMON_BLOCKS = YES;
				GCC_OPTIMIZATION_LEVEL = 0;
				GCC_PREPROCESSOR_DEFINITIONS = (
					"DEBUG=1",
					"$(inherited)",
				);
				GCC_WARN_64_TO_32_BIT_CONVERSION = YES;
				GCC_WARN_ABOUT_RETURN_TYPE = YES_ERROR;
				GCC_WARN_UNDECLARED_SELECTOR = YES;
				GCC_WARN_UNINITIALIZED_AUTOS = YES_AGGRESSIVE;
				GCC_WARN_UNUSED_FUNCTION = YES;
				GCC_WARN_UNUSED_VARIABLE = YES;
				IPHONEOS_DEPLOYMENT_TARGET = 9.3;
				MTL_ENABLE_DEBUG_INFO = YES;
				ONLY_ACTIVE_ARCH = YES;
				SDKROOT = iphoneos;
				SWIFT_OPTIMIZATION_LEVEL = "-Onone";
			};
			name = Debug;
		};
		4948E36A1CAC9D1600F1B8BD /* Release */ = {
			isa = XCBuildConfiguration;
			buildSettings = {
				ALWAYS_SEARCH_USER_PATHS = NO;
				CLANG_ANALYZER_NONNULL = YES;
				CLANG_CXX_LANGUAGE_STANDARD = "gnu++0x";
				CLANG_CXX_LIBRARY = "libc++";
				CLANG_ENABLE_MODULES = YES;
				CLANG_ENABLE_OBJC_ARC = YES;
				CLANG_WARN_BOOL_CONVERSION = YES;
				CLANG_WARN_CONSTANT_CONVERSION = YES;
				CLANG_WARN_DIRECT_OBJC_ISA_USAGE = YES_ERROR;
				CLANG_WARN_EMPTY_BODY = YES;
				CLANG_WARN_ENUM_CONVERSION = YES;
				CLANG_WARN_INT_CONVERSION = YES;
				CLANG_WARN_OBJC_ROOT_CLASS = YES_ERROR;
				CLANG_WARN_UNREACHABLE_CODE = YES;
				CLANG_WARN__DUPLICATE_METHOD_MATCH = YES;
				"CODE_SIGN_IDENTITY[sdk=iphoneos*]" = "iPhone Developer";
				COPY_PHASE_STRIP = NO;
				DEBUG_INFORMATION_FORMAT = "dwarf-with-dsym";
				ENABLE_NS_ASSERTIONS = NO;
				ENABLE_STRICT_OBJC_MSGSEND = YES;
				GCC_C_LANGUAGE_STANDARD = gnu99;
				GCC_NO_COMMON_BLOCKS = YES;
				GCC_WARN_64_TO_32_BIT_CONVERSION = YES;
				GCC_WARN_ABOUT_RETURN_TYPE = YES_ERROR;
				GCC_WARN_UNDECLARED_SELECTOR = YES;
				GCC_WARN_UNINITIALIZED_AUTOS = YES_AGGRESSIVE;
				GCC_WARN_UNUSED_FUNCTION = YES;
				GCC_WARN_UNUSED_VARIABLE = YES;
				IPHONEOS_DEPLOYMENT_TARGET = 9.3;
				MTL_ENABLE_DEBUG_INFO = NO;
				SDKROOT = iphoneos;
				VALIDATE_PRODUCT = YES;
			};
			name = Release;
		};
		4948E36C1CAC9D1600F1B8BD /* Debug */ = {
			isa = XCBuildConfiguration;
			baseConfigurationReference = F16FC8D8D8B3AA41BA23B861 /* Pods-PokeDex.debug.xcconfig */;
			buildSettings = {
				ASSETCATALOG_COMPILER_APPICON_NAME = AppIcon;
				INFOPLIST_FILE = PokeDex/Info.plist;
				LD_RUNPATH_SEARCH_PATHS = "$(inherited) @executable_path/Frameworks";
				PRODUCT_BUNDLE_IDENTIFIER = com.karsenthil.PokeDex;
				PRODUCT_NAME = "$(TARGET_NAME)";
			};
			name = Debug;
		};
		4948E36D1CAC9D1600F1B8BD /* Release */ = {
			isa = XCBuildConfiguration;
			baseConfigurationReference = 6589254138F3227AE03FACDD /* Pods-PokeDex.release.xcconfig */;
			buildSettings = {
				ASSETCATALOG_COMPILER_APPICON_NAME = AppIcon;
				INFOPLIST_FILE = PokeDex/Info.plist;
				LD_RUNPATH_SEARCH_PATHS = "$(inherited) @executable_path/Frameworks";
				PRODUCT_BUNDLE_IDENTIFIER = com.karsenthil.PokeDex;
				PRODUCT_NAME = "$(TARGET_NAME)";
			};
			name = Release;
		};
/* End XCBuildConfiguration section */

/* Begin XCConfigurationList section */
		4948E3541CAC9D1600F1B8BD /* Build configuration list for PBXProject "PokeDex" */ = {
			isa = XCConfigurationList;
			buildConfigurations = (
				4948E3691CAC9D1600F1B8BD /* Debug */,
				4948E36A1CAC9D1600F1B8BD /* Release */,
			);
			defaultConfigurationIsVisible = 0;
			defaultConfigurationName = Release;
		};
		4948E36B1CAC9D1600F1B8BD /* Build configuration list for PBXNativeTarget "PokeDex" */ = {
			isa = XCConfigurationList;
			buildConfigurations = (
				4948E36C1CAC9D1600F1B8BD /* Debug */,
				4948E36D1CAC9D1600F1B8BD /* Release */,
			);
			defaultConfigurationIsVisible = 0;
			defaultConfigurationName = Release;
		};
/* End XCConfigurationList section */
	};
	rootObject = 4948E3511CAC9D1600F1B8BD /* Project object */;
}
